// !$*UTF8*$!
{
	archiveVersion = 1;
	classes = {
	};
	objectVersion = 55;
	objects = {

/* Begin PBXBuildFile section */
		70176177272AB3A2007CD12F /* CalculatorBrain.swift in Sources */ = {isa = PBXBuildFile; fileRef = 70176176272AB3A2007CD12F /* CalculatorBrain.swift */; };
		708725CC274C0593004B8B70 /* AxesDrawer.swift in Sources */ = {isa = PBXBuildFile; fileRef = 708725C9274C0593004B8B70 /* AxesDrawer.swift */; };
		708725CD274C0593004B8B70 /* GraphViewController.swift in Sources */ = {isa = PBXBuildFile; fileRef = 708725CA274C0593004B8B70 /* GraphViewController.swift */; };
		708725CE274C0593004B8B70 /* GraphView.swift in Sources */ = {isa = PBXBuildFile; fileRef = 708725CB274C0593004B8B70 /* GraphView.swift */; };
		708725D2274C06DA004B8B70 /* graph.png in Resources */ = {isa = PBXBuildFile; fileRef = 708725CF274C06DA004B8B70 /* graph.png */; };
		708725D3274C06DA004B8B70 /* graph@2x.png in Resources */ = {isa = PBXBuildFile; fileRef = 708725D0274C06DA004B8B70 /* graph@2x.png */; };
		708725D4274C06DA004B8B70 /* graph@3x.png in Resources */ = {isa = PBXBuildFile; fileRef = 708725D1274C06DA004B8B70 /* graph@3x.png */; };
		70CBD46F273D7FA10074E1FA /* startlogo.png in Resources */ = {isa = PBXBuildFile; fileRef = 70CBD46E273D7FA10074E1FA /* startlogo.png */; };
		70CF30792728835B0082E972 /* AppDelegate.swift in Sources */ = {isa = PBXBuildFile; fileRef = 70CF30782728835B0082E972 /* AppDelegate.swift */; };
		70CF307B2728835B0082E972 /* SceneDelegate.swift in Sources */ = {isa = PBXBuildFile; fileRef = 70CF307A2728835B0082E972 /* SceneDelegate.swift */; };
		70CF307D2728835B0082E972 /* CalculatorViewController.swift in Sources */ = {isa = PBXBuildFile; fileRef = 70CF307C2728835B0082E972 /* CalculatorViewController.swift */; };
		70CF30802728835B0082E972 /* Main.storyboard in Resources */ = {isa = PBXBuildFile; fileRef = 70CF307E2728835B0082E972 /* Main.storyboard */; };
		70CF30832728835B0082E972 /* Calculator.xcdatamodeld in Sources */ = {isa = PBXBuildFile; fileRef = 70CF30812728835B0082E972 /* Calculator.xcdatamodeld */; };
		70CF30852728835D0082E972 /* Assets.xcassets in Resources */ = {isa = PBXBuildFile; fileRef = 70CF30842728835D0082E972 /* Assets.xcassets */; };
		70CF30882728835D0082E972 /* LaunchScreen.storyboard in Resources */ = {isa = PBXBuildFile; fileRef = 70CF30862728835D0082E972 /* LaunchScreen.storyboard */; };
/* End PBXBuildFile section */

/* Begin PBXFileReference section */
		70176176272AB3A2007CD12F /* CalculatorBrain.swift */ = {isa = PBXFileReference; lastKnownFileType = sourcecode.swift; path = CalculatorBrain.swift; sourceTree = "<group>"; };
		708725C9274C0593004B8B70 /* AxesDrawer.swift */ = {isa = PBXFileReference; fileEncoding = 4; lastKnownFileType = sourcecode.swift; path = AxesDrawer.swift; sourceTree = "<group>"; };
		708725CA274C0593004B8B70 /* GraphViewController.swift */ = {isa = PBXFileReference; fileEncoding = 4; lastKnownFileType = sourcecode.swift; path = GraphViewController.swift; sourceTree = "<group>"; };
		708725CB274C0593004B8B70 /* GraphView.swift */ = {isa = PBXFileReference; fileEncoding = 4; lastKnownFileType = sourcecode.swift; path = GraphView.swift; sourceTree = "<group>"; };
		708725CF274C06DA004B8B70 /* graph.png */ = {isa = PBXFileReference; lastKnownFileType = image.png; path = graph.png; sourceTree = "<group>"; };
		708725D0274C06DA004B8B70 /* graph@2x.png */ = {isa = PBXFileReference; lastKnownFileType = image.png; path = "graph@2x.png"; sourceTree = "<group>"; };
		708725D1274C06DA004B8B70 /* graph@3x.png */ = {isa = PBXFileReference; lastKnownFileType = image.png; path = "graph@3x.png"; sourceTree = "<group>"; };
		70CBD46D273D665D0074E1FA /* Calculator.app */ = {isa = PBXFileReference; explicitFileType = wrapper.application; includeInIndex = 0; path = Calculator.app; sourceTree = BUILT_PRODUCTS_DIR; };
		70CBD46E273D7FA10074E1FA /* startlogo.png */ = {isa = PBXFileReference; lastKnownFileType = image.png; path = startlogo.png; sourceTree = "<group>"; };
		70CF30782728835B0082E972 /* AppDelegate.swift */ = {isa = PBXFileReference; lastKnownFileType = sourcecode.swift; path = AppDelegate.swift; sourceTree = "<group>"; };
		70CF307A2728835B0082E972 /* SceneDelegate.swift */ = {isa = PBXFileReference; lastKnownFileType = sourcecode.swift; path = SceneDelegate.swift; sourceTree = "<group>"; };
		70CF307C2728835B0082E972 /* CalculatorViewController.swift */ = {isa = PBXFileReference; lastKnownFileType = sourcecode.swift; path = CalculatorViewController.swift; sourceTree = "<group>"; };
		70CF307F2728835B0082E972 /* Base */ = {isa = PBXFileReference; lastKnownFileType = file.storyboard; name = Base; path = Base.lproj/Main.storyboard; sourceTree = "<group>"; };
		70CF30822728835B0082E972 /* Calculator.xcdatamodel */ = {isa = PBXFileReference; lastKnownFileType = wrapper.xcdatamodel; path = Calculator.xcdatamodel; sourceTree = "<group>"; };
		70CF30842728835D0082E972 /* Assets.xcassets */ = {isa = PBXFileReference; lastKnownFileType = folder.assetcatalog; path = Assets.xcassets; sourceTree = "<group>"; };
		70CF30872728835D0082E972 /* Base */ = {isa = PBXFileReference; lastKnownFileType = file.storyboard; name = Base; path = Base.lproj/LaunchScreen.storyboard; sourceTree = "<group>"; };
		70CF30892728835D0082E972 /* Info.plist */ = {isa = PBXFileReference; lastKnownFileType = text.plist.xml; path = Info.plist; sourceTree = "<group>"; };
/* End PBXFileReference section */

/* Begin PBXFrameworksBuildPhase section */
		70CF30722728835B0082E972 /* Frameworks */ = {
			isa = PBXFrameworksBuildPhase;
			buildActionMask = 2147483647;
			files = (
			);
			runOnlyForDeploymentPostprocessing = 0;
		};
/* End PBXFrameworksBuildPhase section */

/* Begin PBXGroup section */
		70CF306C2728835B0082E972 = {
			isa = PBXGroup;
			children = (
				70CF30772728835B0082E972 /* Calculator */,
				70CBD46D273D665D0074E1FA /* Calculator.app */,
			);
			sourceTree = "<group>";
		};
		70CF30772728835B0082E972 /* Calculator */ = {
			isa = PBXGroup;
			children = (
				70CF308F272883730082E972 /* SupportingFiles */,
				70CF307C2728835B0082E972 /* CalculatorViewController.swift */,
				708725C9274C0593004B8B70 /* AxesDrawer.swift */,
				708725CA274C0593004B8B70 /* GraphViewController.swift */,
				708725CB274C0593004B8B70 /* GraphView.swift */,
				70CF307E2728835B0082E972 /* Main.storyboard */,
				70CF30862728835D0082E972 /* LaunchScreen.storyboard */,
				70CBD46E273D7FA10074E1FA /* startlogo.png */,
				70CF30812728835B0082E972 /* Calculator.xcdatamodeld */,
				70176176272AB3A2007CD12F /* CalculatorBrain.swift */,
			);
			path = Calculator;
			sourceTree = "<group>";
		};
		70CF308F272883730082E972 /* SupportingFiles */ = {
			isa = PBXGroup;
			children = (
				70CF30782728835B0082E972 /* AppDelegate.swift */,
				70CF307A2728835B0082E972 /* SceneDelegate.swift */,
				70CF30842728835D0082E972 /* Assets.xcassets */,
				708725CF274C06DA004B8B70 /* graph.png */,
				708725D0274C06DA004B8B70 /* graph@2x.png */,
				708725D1274C06DA004B8B70 /* graph@3x.png */,
				70CF30892728835D0082E972 /* Info.plist */,
			);
			path = SupportingFiles;
			sourceTree = "<group>";
		};
/* End PBXGroup section */

/* Begin PBXNativeTarget section */
		70CF30742728835B0082E972 /* Calculator */ = {
			isa = PBXNativeTarget;
			buildConfigurationList = 70CF308C2728835D0082E972 /* Build configuration list for PBXNativeTarget "Calculator" */;
			buildPhases = (
				70CF30712728835B0082E972 /* Sources */,
				70CF30722728835B0082E972 /* Frameworks */,
				70CF30732728835B0082E972 /* Resources */,
			);
			buildRules = (
			);
			dependencies = (
			);
			name = Calculator;
			productName = Calculator;
			productReference = 70CBD46D273D665D0074E1FA /* Calculator.app */;
			productType = "com.apple.product-type.application";
		};
/* End PBXNativeTarget section */

/* Begin PBXProject section */
		70CF306D2728835B0082E972 /* Project object */ = {
			isa = PBXProject;
			attributes = {
				BuildIndependentTargetsInParallel = 1;
				LastSwiftUpdateCheck = 1310;
				LastUpgradeCheck = 1310;
				TargetAttributes = {
					70CF30742728835B0082E972 = {
						CreatedOnToolsVersion = 13.1;
					};
				};
			};
			buildConfigurationList = 70CF30702728835B0082E972 /* Build configuration list for PBXProject "Calculator" */;
			compatibilityVersion = "Xcode 13.0";
			developmentRegion = en;
			hasScannedForEncodings = 0;
			knownRegions = (
				en,
				Base,
			);
			mainGroup = 70CF306C2728835B0082E972;
			productRefGroup = 70CF306C2728835B0082E972;
			projectDirPath = "";
			projectRoot = "";
			targets = (
				70CF30742728835B0082E972 /* Calculator */,
			);
		};
/* End PBXProject section */

/* Begin PBXResourcesBuildPhase section */
		70CF30732728835B0082E972 /* Resources */ = {
			isa = PBXResourcesBuildPhase;
			buildActionMask = 2147483647;
			files = (
				70CF30882728835D0082E972 /* LaunchScreen.storyboard in Resources */,
				70CF30852728835D0082E972 /* Assets.xcassets in Resources */,
				708725D4274C06DA004B8B70 /* graph@3x.png in Resources */,
				70CF30802728835B0082E972 /* Main.storyboard in Resources */,
				70CBD46F273D7FA10074E1FA /* startlogo.png in Resources */,
				708725D2274C06DA004B8B70 /* graph.png in Resources */,
				708725D3274C06DA004B8B70 /* graph@2x.png in Resources */,
			);
			runOnlyForDeploymentPostprocessing = 0;
		};
/* End PBXResourcesBuildPhase section */

/* Begin PBXSourcesBuildPhase section */
		70CF30712728835B0082E972 /* Sources */ = {
			isa = PBXSourcesBuildPhase;
			buildActionMask = 2147483647;
			files = (
				70CF307D2728835B0082E972 /* CalculatorViewController.swift in Sources */,
				70CF30832728835B0082E972 /* Calculator.xcdatamodeld in Sources */,
				70CF30792728835B0082E972 /* AppDelegate.swift in Sources */,
				70176177272AB3A2007CD12F /* CalculatorBrain.swift in Sources */,
				70CF307B2728835B0082E972 /* SceneDelegate.swift in Sources */,
				708725CD274C0593004B8B70 /* GraphViewController.swift in Sources */,
				708725CC274C0593004B8B70 /* AxesDrawer.swift in Sources */,
				708725CE274C0593004B8B70 /* GraphView.swift in Sources */,
			);
			runOnlyForDeploymentPostprocessing = 0;
		};
/* End PBXSourcesBuildPhase section */

/* Begin PBXVariantGroup section */
		70CF307E2728835B0082E972 /* Main.storyboard */ = {
			isa = PBXVariantGroup;
			children = (
				70CF307F2728835B0082E972 /* Base */,
			);
			name = Main.storyboard;
			sourceTree = "<group>";
		};
		70CF30862728835D0082E972 /* LaunchScreen.storyboard */ = {
			isa = PBXVariantGroup;
			children = (
				70CF30872728835D0082E972 /* Base */,
			);
			name = LaunchScreen.storyboard;
			sourceTree = "<group>";
		};
/* End PBXVariantGroup section */

/* Begin XCBuildConfiguration section */
		70CF308A2728835D0082E972 /* Debug */ = {
			isa = XCBuildConfiguration;
			buildSettings = {
				ALWAYS_SEARCH_USER_PATHS = NO;
				CLANG_ANALYZER_NONNULL = YES;
				CLANG_ANALYZER_NUMBER_OBJECT_CONVERSION = YES_AGGRESSIVE;
				CLANG_CXX_LANGUAGE_STANDARD = "gnu++17";
				CLANG_CXX_LIBRARY = "libc++";
				CLANG_ENABLE_MODULES = YES;
				CLANG_ENABLE_OBJC_ARC = YES;
				CLANG_ENABLE_OBJC_WEAK = YES;
				CLANG_WARN_BLOCK_CAPTURE_AUTORELEASING = YES;
				CLANG_WARN_BOOL_CONVERSION = YES;
				CLANG_WARN_COMMA = YES;
				CLANG_WARN_CONSTANT_CONVERSION = YES;
				CLANG_WARN_DEPRECATED_OBJC_IMPLEMENTATIONS = YES;
				CLANG_WARN_DIRECT_OBJC_ISA_USAGE = YES_ERROR;
				CLANG_WARN_DOCUMENTATION_COMMENTS = YES;
				CLANG_WARN_EMPTY_BODY = YES;
				CLANG_WARN_ENUM_CONVERSION = YES;
				CLANG_WARN_INFINITE_RECURSION = YES;
				CLANG_WARN_INT_CONVERSION = YES;
				CLANG_WARN_NON_LITERAL_NULL_CONVERSION = YES;
				CLANG_WARN_OBJC_IMPLICIT_RETAIN_SELF = YES;
				CLANG_WARN_OBJC_LITERAL_CONVERSION = YES;
				CLANG_WARN_OBJC_ROOT_CLASS = YES_ERROR;
				CLANG_WARN_QUOTED_INCLUDE_IN_FRAMEWORK_HEADER = YES;
				CLANG_WARN_RANGE_LOOP_ANALYSIS = YES;
				CLANG_WARN_STRICT_PROTOTYPES = YES;
				CLANG_WARN_SUSPICIOUS_MOVE = YES;
				CLANG_WARN_UNGUARDED_AVAILABILITY = YES_AGGRESSIVE;
				CLANG_WARN_UNREACHABLE_CODE = YES;
				CLANG_WARN__DUPLICATE_METHOD_MATCH = YES;
				COPY_PHASE_STRIP = NO;
				DEBUG_INFORMATION_FORMAT = dwarf;
				ENABLE_STRICT_OBJC_MSGSEND = YES;
				ENABLE_TESTABILITY = YES;
				GCC_C_LANGUAGE_STANDARD = gnu11;
				GCC_DYNAMIC_NO_PIC = NO;
				GCC_NO_COMMON_BLOCKS = YES;
				GCC_OPTIMIZATION_LEVEL = 0;
				GCC_PREPROCESSOR_DEFINITIONS = (
					"DEBUG=1",
					"$(inherited)",
				);
				GCC_WARN_64_TO_32_BIT_CONVERSION = YES;
				GCC_WARN_ABOUT_RETURN_TYPE = YES_ERROR;
				GCC_WARN_UNDECLARED_SELECTOR = YES;
				GCC_WARN_UNINITIALIZED_AUTOS = YES_AGGRESSIVE;
				GCC_WARN_UNUSED_FUNCTION = YES;
				GCC_WARN_UNUSED_VARIABLE = YES;
				INFOPLIST_FILE = Info.plist;
				IPHONEOS_DEPLOYMENT_TARGET = 15.0;
				MTL_ENABLE_DEBUG_INFO = INCLUDE_SOURCE;
				MTL_FAST_MATH = YES;
				ONLY_ACTIVE_ARCH = YES;
				SDKROOT = iphoneos;
				SWIFT_ACTIVE_COMPILATION_CONDITIONS = DEBUG;
				SWIFT_OPTIMIZATION_LEVEL = "-Onone";
			};
			name = Debug;
		};
		70CF308B2728835D0082E972 /* Release */ = {
			isa = XCBuildConfiguration;
			buildSettings = {
				ALWAYS_SEARCH_USER_PATHS = NO;
				CLANG_ANALYZER_NONNULL = YES;
				CLANG_ANALYZER_NUMBER_OBJECT_CONVERSION = YES_AGGRESSIVE;
				CLANG_CXX_LANGUAGE_STANDARD = "gnu++17";
				CLANG_CXX_LIBRARY = "libc++";
				CLANG_ENABLE_MODULES = YES;
				CLANG_ENABLE_OBJC_ARC = YES;
				CLANG_ENABLE_OBJC_WEAK = YES;
				CLANG_WARN_BLOCK_CAPTURE_AUTORELEASING = YES;
				CLANG_WARN_BOOL_CONVERSION = YES;
				CLANG_WARN_COMMA = YES;
				CLANG_WARN_CONSTANT_CONVERSION = YES;
				CLANG_WARN_DEPRECATED_OBJC_IMPLEMENTATIONS = YES;
				CLANG_WARN_DIRECT_OBJC_ISA_USAGE = YES_ERROR;
				CLANG_WARN_DOCUMENTATION_COMMENTS = YES;
				CLANG_WARN_EMPTY_BODY = YES;
				CLANG_WARN_ENUM_CONVERSION = YES;
				CLANG_WARN_INFINITE_RECURSION = YES;
				CLANG_WARN_INT_CONVERSION = YES;
				CLANG_WARN_NON_LITERAL_NULL_CONVERSION = YES;
				CLANG_WARN_OBJC_IMPLICIT_RETAIN_SELF = YES;
				CLANG_WARN_OBJC_LITERAL_CONVERSION = YES;
				CLANG_WARN_OBJC_ROOT_CLASS = YES_ERROR;
				CLANG_WARN_QUOTED_INCLUDE_IN_FRAMEWORK_HEADER = YES;
				CLANG_WARN_RANGE_LOOP_ANALYSIS = YES;
				CLANG_WARN_STRICT_PROTOTYPES = YES;
				CLANG_WARN_SUSPICIOUS_MOVE = YES;
				CLANG_WARN_UNGUARDED_AVAILABILITY = YES_AGGRESSIVE;
				CLANG_WARN_UNREACHABLE_CODE = YES;
				CLANG_WARN__DUPLICATE_METHOD_MATCH = YES;
				COPY_PHASE_STRIP = NO;
				DEBUG_INFORMATION_FORMAT = "dwarf-with-dsym";
				ENABLE_NS_ASSERTIONS = NO;
				ENABLE_STRICT_OBJC_MSGSEND = YES;
				GCC_C_LANGUAGE_STANDARD = gnu11;
				GCC_NO_COMMON_BLOCKS = YES;
				GCC_WARN_64_TO_32_BIT_CONVERSION = YES;
				GCC_WARN_ABOUT_RETURN_TYPE = YES_ERROR;
				GCC_WARN_UNDECLARED_SELECTOR = YES;
				GCC_WARN_UNINITIALIZED_AUTOS = YES_AGGRESSIVE;
				GCC_WARN_UNUSED_FUNCTION = YES;
				GCC_WARN_UNUSED_VARIABLE = YES;
				INFOPLIST_FILE = Info.plist;
				IPHONEOS_DEPLOYMENT_TARGET = 15.0;
				MTL_ENABLE_DEBUG_INFO = NO;
				MTL_FAST_MATH = YES;
				SDKROOT = iphoneos;
				SWIFT_COMPILATION_MODE = wholemodule;
				SWIFT_OPTIMIZATION_LEVEL = "-O";
				VALIDATE_PRODUCT = YES;
			};
			name = Release;
		};
		70CF308D2728835D0082E972 /* Debug */ = {
			isa = XCBuildConfiguration;
			buildSettings = {
				ASSETCATALOG_COMPILER_APPICON_NAME = AppIcon;
				ASSETCATALOG_COMPILER_GLOBAL_ACCENT_COLOR_NAME = AccentColor;
				CODE_SIGN_STYLE = Automatic;
				CURRENT_PROJECT_VERSION = 1;
				DEVELOPMENT_TEAM = KTH6ENQ3G9;
				GENERATE_INFOPLIST_FILE = YES;
				INFOPLIST_FILE = Calculator/SupportingFiles/Info.plist;
				INFOPLIST_KEY_UIApplicationSupportsIndirectInputEvents = YES;
				INFOPLIST_KEY_UILaunchStoryboardName = LaunchScreen;
				INFOPLIST_KEY_UIMainStoryboardFile = Main;
				INFOPLIST_KEY_UISupportedInterfaceOrientations_iPad = "UIInterfaceOrientationPortrait UIInterfaceOrientationPortraitUpsideDown UIInterfaceOrientationLandscapeLeft UIInterfaceOrientationLandscapeRight";
				INFOPLIST_KEY_UISupportedInterfaceOrientations_iPhone = "UIInterfaceOrientationPortrait UIInterfaceOrientationLandscapeLeft UIInterfaceOrientationLandscapeRight";
				LD_RUNPATH_SEARCH_PATHS = (
					"$(inherited)",
					"@executable_path/Frameworks",
				);
				MARKETING_VERSION = 1.0;
				PRODUCT_BUNDLE_IDENTIFIER = "Aleksei-Sablin.Calculator";
				PRODUCT_NAME = "$(TARGET_NAME)";
				SWIFT_EMIT_LOC_STRINGS = YES;
				SWIFT_VERSION = 5.0;
				TARGETED_DEVICE_FAMILY = "1,2";
			};
			name = Debug;
		};
		70CF308E2728835D0082E972 /* Release */ = {
			isa = XCBuildConfiguration;
			buildSettings = {
				ASSETCATALOG_COMPILER_APPICON_NAME = AppIcon;
				ASSETCATALOG_COMPILER_GLOBAL_ACCENT_COLOR_NAME = AccentColor;
				CODE_SIGN_STYLE = Automatic;
				CURRENT_PROJECT_VERSION = 1;
				DEVELOPMENT_TEAM = KTH6ENQ3G9;
				GENERATE_INFOPLIST_FILE = YES;
				INFOPLIST_FILE = Calculator/SupportingFiles/Info.plist;
				INFOPLIST_KEY_UIApplicationSupportsIndirectInputEvents = YES;
				INFOPLIST_KEY_UILaunchStoryboardName = LaunchScreen;
				INFOPLIST_KEY_UIMainStoryboardFile = Main;
				INFOPLIST_KEY_UISupportedInterfaceOrientations_iPad = "UIInterfaceOrientationPortrait UIInterfaceOrientationPortraitUpsideDown UIInterfaceOrientationLandscapeLeft UIInterfaceOrientationLandscapeRight";
				INFOPLIST_KEY_UISupportedInterfaceOrientations_iPhone = "UIInterfaceOrientationPortrait UIInterfaceOrientationLandscapeLeft UIInterfaceOrientationLandscapeRight";
				LD_RUNPATH_SEARCH_PATHS = (
					"$(inherited)",
					"@executable_path/Frameworks",
				);
				MARKETING_VERSION = 1.0;
				PRODUCT_BUNDLE_IDENTIFIER = "Aleksei-Sablin.Calculator";
				PRODUCT_NAME = "$(TARGET_NAME)";
				SWIFT_EMIT_LOC_STRINGS = YES;
				SWIFT_VERSION = 5.0;
				TARGETED_DEVICE_FAMILY = "1,2";
			};
			name = Release;
		};
/* End XCBuildConfiguration section */

/* Begin XCConfigurationList section */
		70CF30702728835B0082E972 /* Build configuration list for PBXProject "Calculator" */ = {
			isa = XCConfigurationList;
			buildConfigurations = (
				70CF308A2728835D0082E972 /* Debug */,
				70CF308B2728835D0082E972 /* Release */,
			);
			defaultConfigurationIsVisible = 0;
			defaultConfigurationName = Release;
		};
		70CF308C2728835D0082E972 /* Build configuration list for PBXNativeTarget "Calculator" */ = {
			isa = XCConfigurationList;
			buildConfigurations = (
				70CF308D2728835D0082E972 /* Debug */,
				70CF308E2728835D0082E972 /* Release */,
			);
			defaultConfigurationIsVisible = 0;
			defaultConfigurationName = Release;
		};
/* End XCConfigurationList section */

/* Begin XCVersionGroup section */
		70CF30812728835B0082E972 /* Calculator.xcdatamodeld */ = {
			isa = XCVersionGroup;
			children = (
				70CF30822728835B0082E972 /* Calculator.xcdatamodel */,
			);
			currentVersion = 70CF30822728835B0082E972 /* Calculator.xcdatamodel */;
			path = Calculator.xcdatamodeld;
			sourceTree = "<group>";
			versionGroupType = wrapper.xcdatamodel;
		};
/* End XCVersionGroup section */
	};
	rootObject = 70CF306D2728835B0082E972 /* Project object */;
}
